
Microsoft Visual Studio Solution File, Format Version 12.00
# Visual Studio Version 16
VisualStudioVersion = 16.0.29209.62
MinimumVisualStudioVersion = 10.0.40219.1
Project("{9A19103F-16F7-4668-BE54-9A1E7A4F7556}") = "CompletelySOLID", "CompletelySOLID\CompletelySOLID.csproj", "{FC0E201F-1D6C-4AF6-8F48-DDBBA2FBBCF7}"
EndProject
Project("{9A19103F-16F7-4668-BE54-9A1E7A4F7556}") = "ClassLibrary", "L-NullObjectDesignedClassLibrary\ClassLibrary.csproj", "{00435061-67C6-4209-96AC-E481CA18BF6B}"
EndProject
Global
	GlobalSection(SolutionConfigurationPlatforms) = preSolution
		Debug|Any CPU = Debug|Any CPU
		Release|Any CPU = Release|Any CPU
	EndGlobalSection
	GlobalSection(ProjectConfigurationPlatforms) = postSolution
		{FC0E201F-1D6C-4AF6-8F48-DDBBA2FBBCF7}.Debug|Any CPU.ActiveCfg = Debug|Any CPU
		{FC0E201F-1D6C-4AF6-8F48-DDBBA2FBBCF7}.Debug|Any CPU.Build.0 = Debug|Any CPU
		{FC0E201F-1D6C-4AF6-8F48-DDBBA2FBBCF7}.Release|Any CPU.ActiveCfg = Release|Any CPU
		{FC0E201F-1D6C-4AF6-8F48-DDBBA2FBBCF7}.Release|Any CPU.Build.0 = Release|Any CPU
		{00435061-67C6-4209-96AC-E481CA18BF6B}.Debug|Any CPU.ActiveCfg = Debug|Any CPU
		{00435061-67C6-4209-96AC-E481CA18BF6B}.Debug|Any CPU.Build.0 = Debug|Any CPU
		{00435061-67C6-4209-96AC-E481CA18BF6B}.Release|Any CPU.ActiveCfg = Release|Any CPU
		{00435061-67C6-4209-96AC-E481CA18BF6B}.Release|Any CPU.Build.0 = Release|Any CPU
	EndGlobalSection
	GlobalSection(SolutionProperties) = preSolution
		HideSolutionNode = FALSE
	EndGlobalSection
	GlobalSection(ExtensibilityGlobals) = postSolution
		SolutionGuid = {7E810D14-7B76-469A-AE16-FED45A6A0E4D}
	EndGlobalSection
EndGlobal
